// !$*UTF8*$!
{
	archiveVersion = 1;
	classes = {
	};
	objectVersion = 48;
	objects = {

/* Begin PBXBuildFile section */
		468BAD281F3C0E7800EBA124 /* AppDelegate.swift in Sources */ = {isa = PBXBuildFile; fileRef = 468BAD271F3C0E7800EBA124 /* AppDelegate.swift */; };
		468BAD2A1F3C0E7800EBA124 /* ViewController.swift in Sources */ = {isa = PBXBuildFile; fileRef = 468BAD291F3C0E7800EBA124 /* ViewController.swift */; };
		468BAD2C1F3C0E7800EBA124 /* Assets.xcassets in Resources */ = {isa = PBXBuildFile; fileRef = 468BAD2B1F3C0E7800EBA124 /* Assets.xcassets */; };
		468BAD2F1F3C0E7800EBA124 /* Main.storyboard in Resources */ = {isa = PBXBuildFile; fileRef = 468BAD2D1F3C0E7800EBA124 /* Main.storyboard */; };
/* End PBXBuildFile section */

/* Begin PBXFileReference section */
		468BAD241F3C0E7800EBA124 /* WaveNote.app */ = {isa = PBXFileReference; explicitFileType = wrapper.application; includeInIndex = 0; path = WaveNote.app; sourceTree = BUILT_PRODUCTS_DIR; };
		468BAD271F3C0E7800EBA124 /* AppDelegate.swift */ = {isa = PBXFileReference; lastKnownFileType = sourcecode.swift; path = AppDelegate.swift; sourceTree = "<group>"; };
		468BAD291F3C0E7800EBA124 /* ViewController.swift */ = {isa = PBXFileReference; lastKnownFileType = sourcecode.swift; path = ViewController.swift; sourceTree = "<group>"; };
		468BAD2B1F3C0E7800EBA124 /* Assets.xcassets */ = {isa = PBXFileReference; lastKnownFileType = folder.assetcatalog; path = Assets.xcassets; sourceTree = "<group>"; };
		468BAD2E1F3C0E7800EBA124 /* Base */ = {isa = PBXFileReference; lastKnownFileType = file.storyboard; name = Base; path = Base.lproj/Main.storyboard; sourceTree = "<group>"; };
		468BAD301F3C0E7800EBA124 /* Info.plist */ = {isa = PBXFileReference; lastKnownFileType = text.plist.xml; path = Info.plist; sourceTree = "<group>"; };
		468BAD371F3C2E4C00EBA124 /* WaveNote.entitlements */ = {isa = PBXFileReference; lastKnownFileType = text.plist.entitlements; name = WaveNote.entitlements; path = ../../WaveNote.entitlements; sourceTree = "<group>"; };
/* End PBXFileReference section */

/* Begin PBXFrameworksBuildPhase section */
		468BAD211F3C0E7800EBA124 /* Frameworks */ = {
			isa = PBXFrameworksBuildPhase;
			buildActionMask = 2147483647;
			files = (
			);
			runOnlyForDeploymentPostprocessing = 0;
		};
/* End PBXFrameworksBuildPhase section */

/* Begin PBXGroup section */
		468BAD1B1F3C0E7800EBA124 = {
			isa = PBXGroup;
			children = (
				468BAD261F3C0E7800EBA124 /* WaveNote */,
				468BAD251F3C0E7800EBA124 /* Products */,
			);
			sourceTree = "<group>";
		};
		468BAD251F3C0E7800EBA124 /* Products */ = {
			isa = PBXGroup;
			children = (
				468BAD241F3C0E7800EBA124 /* WaveNote.app */,
			);
			name = Products;
			sourceTree = "<group>";
		};
		468BAD261F3C0E7800EBA124 /* WaveNote */ = {
			isa = PBXGroup;
			children = (
				468BAD271F3C0E7800EBA124 /* AppDelegate.swift */,
				468BAD291F3C0E7800EBA124 /* ViewController.swift */,
				468BAD2B1F3C0E7800EBA124 /* Assets.xcassets */,
				468BAD2D1F3C0E7800EBA124 /* Main.storyboard */,
				468BAD301F3C0E7800EBA124 /* Info.plist */,
				468BAD371F3C2E4C00EBA124 /* WaveNote.entitlements */,
			);
			path = WaveNote;
			sourceTree = "<group>";
		};
/* End PBXGroup section */

/* Begin PBXNativeTarget section */
		468BAD231F3C0E7800EBA124 /* WaveNote */ = {
			isa = PBXNativeTarget;
			buildConfigurationList = 468BAD341F3C0E7800EBA124 /* Build configuration list for PBXNativeTarget "WaveNote" */;
			buildPhases = (
				468BAD201F3C0E7800EBA124 /* Sources */,
				468BAD211F3C0E7800EBA124 /* Frameworks */,
				468BAD221F3C0E7800EBA124 /* Resources */,
			);
			buildRules = (
			);
			dependencies = (
			);
			name = WaveNote;
			productName = WaveNote;
			productReference = 468BAD241F3C0E7800EBA124 /* WaveNote.app */;
			productType = "com.apple.product-type.application";
		};
/* End PBXNativeTarget section */

/* Begin PBXProject section */
		468BAD1C1F3C0E7800EBA124 /* Project object */ = {
			isa = PBXProject;
			attributes = {
				LastSwiftUpdateCheck = 0900;
				LastUpgradeCheck = 0900;
				ORGANIZATIONNAME = MV;
				TargetAttributes = {
					468BAD231F3C0E7800EBA124 = {
						CreatedOnToolsVersion = 9.0;
					};
				};
			};
			buildConfigurationList = 468BAD1F1F3C0E7800EBA124 /* Build configuration list for PBXProject "WaveNote" */;
			compatibilityVersion = "Xcode 8.0";
			developmentRegion = en;
			hasScannedForEncodings = 0;
			knownRegions = (
				en,
				Base,
			);
			mainGroup = 468BAD1B1F3C0E7800EBA124;
			productRefGroup = 468BAD251F3C0E7800EBA124 /* Products */;
			projectDirPath = "";
			projectRoot = "";
			targets = (
				468BAD231F3C0E7800EBA124 /* WaveNote */,
			);
		};
/* End PBXProject section */

/* Begin PBXResourcesBuildPhase section */
		468BAD221F3C0E7800EBA124 /* Resources */ = {
			isa = PBXResourcesBuildPhase;
			buildActionMask = 2147483647;
			files = (
				468BAD2C1F3C0E7800EBA124 /* Assets.xcassets in Resources */,
				468BAD2F1F3C0E7800EBA124 /* Main.storyboard in Resources */,
			);
			runOnlyForDeploymentPostprocessing = 0;
		};
/* End PBXResourcesBuildPhase section */

/* Begin PBXSourcesBuildPhase section */
		468BAD201F3C0E7800EBA124 /* Sources */ = {
			isa = PBXSourcesBuildPhase;
			buildActionMask = 2147483647;
			files = (
				468BAD2A1F3C0E7800EBA124 /* ViewController.swift in Sources */,
				468BAD281F3C0E7800EBA124 /* AppDelegate.swift in Sources */,
			);
			runOnlyForDeploymentPostprocessing = 0;
		};
/* End PBXSourcesBuildPhase section */

/* Begin PBXVariantGroup section */
		468BAD2D1F3C0E7800EBA124 /* Main.storyboard */ = {
			isa = PBXVariantGroup;
			children = (
				468BAD2E1F3C0E7800EBA124 /* Base */,
			);
			name = Main.storyboard;
			sourceTree = "<group>";
		};
/* End PBXVariantGroup section */

/* Begin XCBuildConfiguration section */
		468BAD321F3C0E7800EBA124 /* Debug */ = {
			isa = XCBuildConfiguration;
			buildSettings = {
				ALWAYS_SEARCH_USER_PATHS = NO;
				CLANG_ANALYZER_NONNULL = YES;
				CLANG_ANALYZER_NUMBER_OBJECT_CONVERSION = YES_AGGRESSIVE;
				CLANG_CXX_LANGUAGE_STANDARD = "gnu++14";
				CLANG_CXX_LIBRARY = "libc++";
				CLANG_ENABLE_MODULES = YES;
				CLANG_ENABLE_OBJC_ARC = YES;
				CLANG_WARN_BLOCK_CAPTURE_AUTORELEASING = YES;
				CLANG_WARN_BOOL_CONVERSION = YES;
				CLANG_WARN_COMMA = YES;
				CLANG_WARN_CONSTANT_CONVERSION = YES;
				CLANG_WARN_DIRECT_OBJC_ISA_USAGE = YES_ERROR;
				CLANG_WARN_DOCUMENTATION_COMMENTS = YES;
				CLANG_WARN_EMPTY_BODY = YES;
				CLANG_WARN_ENUM_CONVERSION = YES;
				CLANG_WARN_INFINITE_RECURSION = YES;
				CLANG_WARN_INT_CONVERSION = YES;
				CLANG_WARN_OBJC_ROOT_CLASS = YES_ERROR;
				CLANG_WARN_RANGE_LOOP_ANALYSIS = YES;
				CLANG_WARN_STRICT_PROTOTYPES = YES;
				CLANG_WARN_SUSPICIOUS_MOVE = YES;
				CLANG_WARN_UNGUARDED_AVAILABILITY = YES_AGGRESSIVE;
				CLANG_WARN_UNREACHABLE_CODE = YES;
				CLANG_WARN__DUPLICATE_METHOD_MATCH = YES;
				CODE_SIGN_IDENTITY = "Mac Developer";
				COPY_PHASE_STRIP = NO;
				DEBUG_INFORMATION_FORMAT = dwarf;
				ENABLE_STRICT_OBJC_MSGSEND = YES;
				ENABLE_TESTABILITY = YES;
				GCC_C_LANGUAGE_STANDARD = gnu11;
				GCC_DYNAMIC_NO_PIC = NO;
				GCC_NO_COMMON_BLOCKS = YES;
				GCC_OPTIMIZATION_LEVEL = 0;
				GCC_PREPROCESSOR_DEFINITIONS = (
					"DEBUG=1",
					"$(inherited)",
				);
				GCC_WARN_64_TO_32_BIT_CONVERSION = YES;
				GCC_WARN_ABOUT_RETURN_TYPE = YES_ERROR;
				GCC_WARN_UNDECLARED_SELECTOR = YES;
				GCC_WARN_UNINITIALIZED_AUTOS = YES_AGGRESSIVE;
				GCC_WARN_UNUSED_FUNCTION = YES;
				GCC_WARN_UNUSED_VARIABLE = YES;
				MACOSX_DEPLOYMENT_TARGET = 10.12;
				MTL_ENABLE_DEBUG_INFO = YES;
				ONLY_ACTIVE_ARCH = YES;
				SDKROOT = macosx;
				SWIFT_ACTIVE_COMPILATION_CONDITIONS = DEBUG;
				SWIFT_OPTIMIZATION_LEVEL = "-Onone";
			};
			name = Debug;
		};
		468BAD331F3C0E7800EBA124 /* Release */ = {
			isa = XCBuildConfiguration;
			buildSettings = {
				ALWAYS_SEARCH_USER_PATHS = NO;
				CLANG_ANALYZER_NONNULL = YES;
				CLANG_ANALYZER_NUMBER_OBJECT_CONVERSION = YES_AGGRESSIVE;
				CLANG_CXX_LANGUAGE_STANDARD = "gnu++14";
				CLANG_CXX_LIBRARY = "libc++";
				CLANG_ENABLE_MODULES = YES;
				CLANG_ENABLE_OBJC_ARC = YES;
				CLANG_WARN_BLOCK_CAPTURE_AUTORELEASING = YES;
				CLANG_WARN_BOOL_CONVERSION = YES;
				CLANG_WARN_COMMA = YES;
				CLANG_WARN_CONSTANT_CONVERSION = YES;
				CLANG_WARN_DIRECT_OBJC_ISA_USAGE = YES_ERROR;
				CLANG_WARN_DOCUMENTATION_COMMENTS = YES;
				CLANG_WARN_EMPTY_BODY = YES;
				CLANG_WARN_ENUM_CONVERSION = YES;
				CLANG_WARN_INFINITE_RECURSION = YES;
				CLANG_WARN_INT_CONVERSION = YES;
				CLANG_WARN_OBJC_ROOT_CLASS = YES_ERROR;
				CLANG_WARN_RANGE_LOOP_ANALYSIS = YES;
				CLANG_WARN_STRICT_PROTOTYPES = YES;
				CLANG_WARN_SUSPICIOUS_MOVE = YES;
				CLANG_WARN_UNGUARDED_AVAILABILITY = YES_AGGRESSIVE;
				CLANG_WARN_UNREACHABLE_CODE = YES;
				CLANG_WARN__DUPLICATE_METHOD_MATCH = YES;
				CODE_SIGN_IDENTITY = "Mac Developer";
				COPY_PHASE_STRIP = NO;
				DEBUG_INFORMATION_FORMAT = "dwarf-with-dsym";
				ENABLE_NS_ASSERTIONS = NO;
				ENABLE_STRICT_OBJC_MSGSEND = YES;
				GCC_C_LANGUAGE_STANDARD = gnu11;
				GCC_NO_COMMON_BLOCKS = YES;
				GCC_WARN_64_TO_32_BIT_CONVERSION = YES;
				GCC_WARN_ABOUT_RETURN_TYPE = YES_ERROR;
				GCC_WARN_UNDECLARED_SELECTOR = YES;
				GCC_WARN_UNINITIALIZED_AUTOS = YES_AGGRESSIVE;
				GCC_WARN_UNUSED_FUNCTION = YES;
				GCC_WARN_UNUSED_VARIABLE = YES;
				MACOSX_DEPLOYMENT_TARGET = 10.12;
				MTL_ENABLE_DEBUG_INFO = NO;
				SDKROOT = macosx;
				SWIFT_OPTIMIZATION_LEVEL = "-Owholemodule";
			};
			name = Release;
		};
		468BAD351F3C0E7800EBA124 /* Debug */ = {
			isa = XCBuildConfiguration;
			buildSettings = {
				ASSETCATALOG_COMPILER_APPICON_NAME = AppIcon;
				CODE_SIGN_ENTITLEMENTS = WaveNote/WaveNote.entitlements;
				COMBINE_HIDPI_IMAGES = YES;
				DEVELOPMENT_TEAM = N7342S7C7W;
				INFOPLIST_FILE = WaveNote/Info.plist;
				LD_RUNPATH_SEARCH_PATHS = "$(inherited) @executable_path/../Frameworks";
				PRODUCT_BUNDLE_IDENTIFIER = com.modestasvalauskas.WaveNote;
				PRODUCT_NAME = "$(TARGET_NAME)";
				SWIFT_VERSION = 4.0;
			};
			name = Debug;
		};
		468BAD361F3C0E7800EBA124 /* Release */ = {
			isa = XCBuildConfiguration;
			buildSettings = {
				ASSETCATALOG_COMPILER_APPICON_NAME = AppIcon;
				CODE_SIGN_ENTITLEMENTS = WaveNote/WaveNote.entitlements;
				COMBINE_HIDPI_IMAGES = YES;
				DEVELOPMENT_TEAM = N7342S7C7W;
				INFOPLIST_FILE = WaveNote/Info.plist;
				LD_RUNPATH_SEARCH_PATHS = "$(inherited) @executable_path/../Frameworks";
				PRODUCT_BUNDLE_IDENTIFIER = com.modestasvalauskas.WaveNote;
				PRODUCT_NAME = "$(TARGET_NAME)";
				SWIFT_VERSION = 4.0;
			};
			name = Release;
		};
/* End XCBuildConfiguration section */

/* Begin XCConfigurationList section */
		468BAD1F1F3C0E7800EBA124 /* Build configuration list for PBXProject "WaveNote" */ = {
			isa = XCConfigurationList;
			buildConfigurations = (
				468BAD321F3C0E7800EBA124 /* Debug */,
				468BAD331F3C0E7800EBA124 /* Release */,
			);
			defaultConfigurationIsVisible = 0;
			defaultConfigurationName = Release;
		};
		468BAD341F3C0E7800EBA124 /* Build configuration list for PBXNativeTarget "WaveNote" */ = {
			isa = XCConfigurationList;
			buildConfigurations = (
				468BAD351F3C0E7800EBA124 /* Debug */,
				468BAD361F3C0E7800EBA124 /* Release */,
			);
			defaultConfigurationIsVisible = 0;
		};
/* End XCConfigurationList section */
	};
	rootObject = 468BAD1C1F3C0E7800EBA124 /* Project object */;
}
